// !$*UTF8*$!
{
	archiveVersion = 1;
	classes = {
	};
	objectVersion = 55;
	objects = {

/* Begin PBXBuildFile section */
		534DA99728AFD68400626AA4 /* AppDelegate.swift in Sources */ = {isa = PBXBuildFile; fileRef = 534DA99628AFD68400626AA4 /* AppDelegate.swift */; };
		534DA99928AFD68400626AA4 /* SceneDelegate.swift in Sources */ = {isa = PBXBuildFile; fileRef = 534DA99828AFD68400626AA4 /* SceneDelegate.swift */; };
		534DA99B28AFD68400626AA4 /* LogInVC.swift in Sources */ = {isa = PBXBuildFile; fileRef = 534DA99A28AFD68400626AA4 /* LogInVC.swift */; };
		534DA99E28AFD68400626AA4 /* Main.storyboard in Resources */ = {isa = PBXBuildFile; fileRef = 534DA99C28AFD68400626AA4 /* Main.storyboard */; };
		534DA9A028AFD68600626AA4 /* Assets.xcassets in Resources */ = {isa = PBXBuildFile; fileRef = 534DA99F28AFD68600626AA4 /* Assets.xcassets */; };
		534DA9A328AFD68600626AA4 /* LaunchScreen.storyboard in Resources */ = {isa = PBXBuildFile; fileRef = 534DA9A128AFD68600626AA4 /* LaunchScreen.storyboard */; };
		534DA9B728AFEF5700626AA4 /* Signup.storyboard in Resources */ = {isa = PBXBuildFile; fileRef = 534DA9B628AFEF5700626AA4 /* Signup.storyboard */; };
		534DA9B928AFEF6C00626AA4 /* SignUpVC.swift in Sources */ = {isa = PBXBuildFile; fileRef = 534DA9B828AFEF6C00626AA4 /* SignUpVC.swift */; };
		534DA9BB28AFF02B00626AA4 /* ScreensEnum.swift in Sources */ = {isa = PBXBuildFile; fileRef = 534DA9BA28AFF02B00626AA4 /* ScreensEnum.swift */; };
		8445CBE393B3D0D68537A8DB /* Pods_KKOApp.framework in Frameworks */ = {isa = PBXBuildFile; fileRef = F0EFC33B70C8060F4CD3A4FD /* Pods_KKOApp.framework */; };
/* End PBXBuildFile section */

/* Begin PBXFileReference section */
		534DA99328AFD68400626AA4 /* KKOApp.app */ = {isa = PBXFileReference; explicitFileType = wrapper.application; includeInIndex = 0; path = KKOApp.app; sourceTree = BUILT_PRODUCTS_DIR; };
		534DA99628AFD68400626AA4 /* AppDelegate.swift */ = {isa = PBXFileReference; lastKnownFileType = sourcecode.swift; path = AppDelegate.swift; sourceTree = "<group>"; };
		534DA99828AFD68400626AA4 /* SceneDelegate.swift */ = {isa = PBXFileReference; lastKnownFileType = sourcecode.swift; path = SceneDelegate.swift; sourceTree = "<group>"; };
		534DA99A28AFD68400626AA4 /* LogInVC.swift */ = {isa = PBXFileReference; lastKnownFileType = sourcecode.swift; path = LogInVC.swift; sourceTree = "<group>"; };
		534DA99D28AFD68400626AA4 /* Base */ = {isa = PBXFileReference; lastKnownFileType = file.storyboard; name = Base; path = Base.lproj/Main.storyboard; sourceTree = "<group>"; };
		534DA99F28AFD68600626AA4 /* Assets.xcassets */ = {isa = PBXFileReference; lastKnownFileType = folder.assetcatalog; path = Assets.xcassets; sourceTree = "<group>"; };
		534DA9A228AFD68600626AA4 /* Base */ = {isa = PBXFileReference; lastKnownFileType = file.storyboard; name = Base; path = Base.lproj/LaunchScreen.storyboard; sourceTree = "<group>"; };
		534DA9A428AFD68600626AA4 /* Info.plist */ = {isa = PBXFileReference; lastKnownFileType = text.plist.xml; path = Info.plist; sourceTree = "<group>"; };
		534DA9B628AFEF5700626AA4 /* Signup.storyboard */ = {isa = PBXFileReference; lastKnownFileType = file.storyboard; path = Signup.storyboard; sourceTree = "<group>"; };
		534DA9B828AFEF6C00626AA4 /* SignUpVC.swift */ = {isa = PBXFileReference; lastKnownFileType = sourcecode.swift; path = SignUpVC.swift; sourceTree = "<group>"; };
		534DA9BA28AFF02B00626AA4 /* ScreensEnum.swift */ = {isa = PBXFileReference; lastKnownFileType = sourcecode.swift; path = ScreensEnum.swift; sourceTree = "<group>"; };
		A445D65BBCB058EACA51C3C7 /* Pods-KKOApp.release.xcconfig */ = {isa = PBXFileReference; includeInIndex = 1; lastKnownFileType = text.xcconfig; name = "Pods-KKOApp.release.xcconfig"; path = "Target Support Files/Pods-KKOApp/Pods-KKOApp.release.xcconfig"; sourceTree = "<group>"; };
		A88C508323B269DAC12903FB /* Pods-KKOApp.debug.xcconfig */ = {isa = PBXFileReference; includeInIndex = 1; lastKnownFileType = text.xcconfig; name = "Pods-KKOApp.debug.xcconfig"; path = "Target Support Files/Pods-KKOApp/Pods-KKOApp.debug.xcconfig"; sourceTree = "<group>"; };
		F0EFC33B70C8060F4CD3A4FD /* Pods_KKOApp.framework */ = {isa = PBXFileReference; explicitFileType = wrapper.framework; includeInIndex = 0; path = Pods_KKOApp.framework; sourceTree = BUILT_PRODUCTS_DIR; };
/* End PBXFileReference section */

/* Begin PBXFrameworksBuildPhase section */
		534DA99028AFD68400626AA4 /* Frameworks */ = {
			isa = PBXFrameworksBuildPhase;
			buildActionMask = 2147483647;
			files = (
				8445CBE393B3D0D68537A8DB /* Pods_KKOApp.framework in Frameworks */,
			);
			runOnlyForDeploymentPostprocessing = 0;
		};
/* End PBXFrameworksBuildPhase section */

/* Begin PBXGroup section */
		534DA98A28AFD68400626AA4 = {
			isa = PBXGroup;
			children = (
				534DA99528AFD68400626AA4 /* KKOApp */,
				534DA99428AFD68400626AA4 /* Products */,
				9B9AE91E4CC75CCA0A9FEBD2 /* Pods */,
				CB512878012C64A65C3FD0B9 /* Frameworks */,
			);
			sourceTree = "<group>";
		};
		534DA99428AFD68400626AA4 /* Products */ = {
			isa = PBXGroup;
			children = (
				534DA99328AFD68400626AA4 /* KKOApp.app */,
			);
			name = Products;
			sourceTree = "<group>";
		};
		534DA99528AFD68400626AA4 /* KKOApp */ = {
			isa = PBXGroup;
			children = (
				534DA9A428AFD68600626AA4 /* Info.plist */,
				534DA9AF28AFDE7300626AA4 /* Application */,
				534DA9A128AFD68600626AA4 /* LaunchScreen.storyboard */,
				534DA9AA28AFDC3500626AA4 /* Models */,
				534DA9AB28AFDC3D00626AA4 /* Modules */,
				534DA9AC28AFDC8500626AA4 /* Network */,
				534DA9AE28AFDCA200626AA4 /* Resources */,
			);
			path = KKOApp;
			sourceTree = "<group>";
		};
		534DA9AA28AFDC3500626AA4 /* Models */ = {
			isa = PBXGroup;
			children = (
				534DA9BA28AFF02B00626AA4 /* ScreensEnum.swift */,
			);
			path = Models;
			sourceTree = "<group>";
		};
		534DA9AB28AFDC3D00626AA4 /* Modules */ = {
			isa = PBXGroup;
			children = (
				534DA9B128AFDF2100626AA4 /* Entry Screens */,
			);
			path = Modules;
			sourceTree = "<group>";
		};
		534DA9AC28AFDC8500626AA4 /* Network */ = {
			isa = PBXGroup;
			children = (
			);
			path = Network;
			sourceTree = "<group>";
		};
		534DA9AE28AFDCA200626AA4 /* Resources */ = {
			isa = PBXGroup;
			children = (
				534DA99F28AFD68600626AA4 /* Assets.xcassets */,
			);
			path = Resources;
			sourceTree = "<group>";
		};
		534DA9AF28AFDE7300626AA4 /* Application */ = {
			isa = PBXGroup;
			children = (
				534DA99628AFD68400626AA4 /* AppDelegate.swift */,
				534DA99828AFD68400626AA4 /* SceneDelegate.swift */,
			);
			path = Application;
			sourceTree = "<group>";
		};
		534DA9B128AFDF2100626AA4 /* Entry Screens */ = {
			isa = PBXGroup;
			children = (
				534DA9B528AFEF2C00626AA4 /* Signup */,
				534DA9B228AFDF3700626AA4 /* Login */,
			);
			path = "Entry Screens";
			sourceTree = "<group>";
		};
		534DA9B228AFDF3700626AA4 /* Login */ = {
			isa = PBXGroup;
			children = (
				534DA99C28AFD68400626AA4 /* Main.storyboard */,
				534DA99A28AFD68400626AA4 /* LogInVC.swift */,
			);
			path = Login;
			sourceTree = "<group>";
		};
		534DA9B528AFEF2C00626AA4 /* Signup */ = {
			isa = PBXGroup;
			children = (
				534DA9B628AFEF5700626AA4 /* Signup.storyboard */,
				534DA9B828AFEF6C00626AA4 /* SignUpVC.swift */,
			);
			path = Signup;
			sourceTree = "<group>";
		};
		9B9AE91E4CC75CCA0A9FEBD2 /* Pods */ = {
			isa = PBXGroup;
			children = (
				A88C508323B269DAC12903FB /* Pods-KKOApp.debug.xcconfig */,
				A445D65BBCB058EACA51C3C7 /* Pods-KKOApp.release.xcconfig */,
			);
			name = Pods;
			path = Pods;
			sourceTree = "<group>";
		};
		CB512878012C64A65C3FD0B9 /* Frameworks */ = {
			isa = PBXGroup;
			children = (
				F0EFC33B70C8060F4CD3A4FD /* Pods_KKOApp.framework */,
			);
			name = Frameworks;
			sourceTree = "<group>";
		};
/* End PBXGroup section */

/* Begin PBXNativeTarget section */
		534DA99228AFD68400626AA4 /* KKOApp */ = {
			isa = PBXNativeTarget;
			buildConfigurationList = 534DA9A728AFD68600626AA4 /* Build configuration list for PBXNativeTarget "KKOApp" */;
			buildPhases = (
				DD69EE048F80AB9318C346D7 /* [CP] Check Pods Manifest.lock */,
				534DA98F28AFD68400626AA4 /* Sources */,
				534DA99028AFD68400626AA4 /* Frameworks */,
				534DA99128AFD68400626AA4 /* Resources */,
				8C5B2D15B62D89529281E43D /* [CP] Embed Pods Frameworks */,
			);
			buildRules = (
			);
			dependencies = (
			);
			name = KKOApp;
			productName = KKOApp;
			productReference = 534DA99328AFD68400626AA4 /* KKOApp.app */;
			productType = "com.apple.product-type.application";
		};
/* End PBXNativeTarget section */

/* Begin PBXProject section */
		534DA98B28AFD68400626AA4 /* Project object */ = {
			isa = PBXProject;
			attributes = {
				BuildIndependentTargetsInParallel = 1;
				LastSwiftUpdateCheck = 1340;
				LastUpgradeCheck = 1340;
				TargetAttributes = {
					534DA99228AFD68400626AA4 = {
						CreatedOnToolsVersion = 13.4.1;
					};
				};
			};
			buildConfigurationList = 534DA98E28AFD68400626AA4 /* Build configuration list for PBXProject "KKOApp" */;
			compatibilityVersion = "Xcode 13.0";
			developmentRegion = en;
			hasScannedForEncodings = 0;
			knownRegions = (
				en,
				Base,
			);
			mainGroup = 534DA98A28AFD68400626AA4;
			productRefGroup = 534DA99428AFD68400626AA4 /* Products */;
			projectDirPath = "";
			projectRoot = "";
			targets = (
				534DA99228AFD68400626AA4 /* KKOApp */,
			);
		};
/* End PBXProject section */

/* Begin PBXResourcesBuildPhase section */
		534DA99128AFD68400626AA4 /* Resources */ = {
			isa = PBXResourcesBuildPhase;
			buildActionMask = 2147483647;
			files = (
				534DA9A328AFD68600626AA4 /* LaunchScreen.storyboard in Resources */,
				534DA9A028AFD68600626AA4 /* Assets.xcassets in Resources */,
				534DA9B728AFEF5700626AA4 /* Signup.storyboard in Resources */,
				534DA99E28AFD68400626AA4 /* Main.storyboard in Resources */,
			);
			runOnlyForDeploymentPostprocessing = 0;
		};
/* End PBXResourcesBuildPhase section */

/* Begin PBXShellScriptBuildPhase section */
		8C5B2D15B62D89529281E43D /* [CP] Embed Pods Frameworks */ = {
			isa = PBXShellScriptBuildPhase;
			buildActionMask = 2147483647;
			files = (
			);
			inputFileListPaths = (
				"${PODS_ROOT}/Target Support Files/Pods-KKOApp/Pods-KKOApp-frameworks-${CONFIGURATION}-input-files.xcfilelist",
			);
			name = "[CP] Embed Pods Frameworks";
			outputFileListPaths = (
				"${PODS_ROOT}/Target Support Files/Pods-KKOApp/Pods-KKOApp-frameworks-${CONFIGURATION}-output-files.xcfilelist",
			);
			runOnlyForDeploymentPostprocessing = 0;
			shellPath = /bin/sh;
			shellScript = "\"${PODS_ROOT}/Target Support Files/Pods-KKOApp/Pods-KKOApp-frameworks.sh\"\n";
			showEnvVarsInLog = 0;
		};
		DD69EE048F80AB9318C346D7 /* [CP] Check Pods Manifest.lock */ = {
			isa = PBXShellScriptBuildPhase;
			buildActionMask = 2147483647;
			files = (
			);
			inputFileListPaths = (
			);
			inputPaths = (
				"${PODS_PODFILE_DIR_PATH}/Podfile.lock",
				"${PODS_ROOT}/Manifest.lock",
			);
			name = "[CP] Check Pods Manifest.lock";
			outputFileListPaths = (
			);
			outputPaths = (
				"$(DERIVED_FILE_DIR)/Pods-KKOApp-checkManifestLockResult.txt",
			);
			runOnlyForDeploymentPostprocessing = 0;
			shellPath = /bin/sh;
			shellScript = "diff \"${PODS_PODFILE_DIR_PATH}/Podfile.lock\" \"${PODS_ROOT}/Manifest.lock\" > /dev/null\nif [ $? != 0 ] ; then\n    # print error to STDERR\n    echo \"error: The sandbox is not in sync with the Podfile.lock. Run 'pod install' or update your CocoaPods installation.\" >&2\n    exit 1\nfi\n# This output is used by Xcode 'outputs' to avoid re-running this script phase.\necho \"SUCCESS\" > \"${SCRIPT_OUTPUT_FILE_0}\"\n";
			showEnvVarsInLog = 0;
		};
/* End PBXShellScriptBuildPhase section */

/* Begin PBXSourcesBuildPhase section */
		534DA98F28AFD68400626AA4 /* Sources */ = {
			isa = PBXSourcesBuildPhase;
			buildActionMask = 2147483647;
			files = (
				534DA9BB28AFF02B00626AA4 /* ScreensEnum.swift in Sources */,
				534DA99B28AFD68400626AA4 /* LogInVC.swift in Sources */,
				534DA99728AFD68400626AA4 /* AppDelegate.swift in Sources */,
				534DA9B928AFEF6C00626AA4 /* SignUpVC.swift in Sources */,
				534DA99928AFD68400626AA4 /* SceneDelegate.swift in Sources */,
			);
			runOnlyForDeploymentPostprocessing = 0;
		};
/* End PBXSourcesBuildPhase section */

/* Begin PBXVariantGroup section */
		534DA99C28AFD68400626AA4 /* Main.storyboard */ = {
			isa = PBXVariantGroup;
			children = (
				534DA99D28AFD68400626AA4 /* Base */,
			);
			name = Main.storyboard;
			sourceTree = "<group>";
		};
		534DA9A128AFD68600626AA4 /* LaunchScreen.storyboard */ = {
			isa = PBXVariantGroup;
			children = (
				534DA9A228AFD68600626AA4 /* Base */,
			);
			name = LaunchScreen.storyboard;
			sourceTree = "<group>";
		};
/* End PBXVariantGroup section */

/* Begin XCBuildConfiguration section */
		534DA9A528AFD68600626AA4 /* Debug */ = {
			isa = XCBuildConfiguration;
			buildSettings = {
				ALWAYS_SEARCH_USER_PATHS = NO;
				CLANG_ANALYZER_NONNULL = YES;
				CLANG_ANALYZER_NUMBER_OBJECT_CONVERSION = YES_AGGRESSIVE;
				CLANG_CXX_LANGUAGE_STANDARD = "gnu++17";
				CLANG_ENABLE_MODULES = YES;
				CLANG_ENABLE_OBJC_ARC = YES;
				CLANG_ENABLE_OBJC_WEAK = YES;
				CLANG_WARN_BLOCK_CAPTURE_AUTORELEASING = YES;
				CLANG_WARN_BOOL_CONVERSION = YES;
				CLANG_WARN_COMMA = YES;
				CLANG_WARN_CONSTANT_CONVERSION = YES;
				CLANG_WARN_DEPRECATED_OBJC_IMPLEMENTATIONS = YES;
				CLANG_WARN_DIRECT_OBJC_ISA_USAGE = YES_ERROR;
				CLANG_WARN_DOCUMENTATION_COMMENTS = YES;
				CLANG_WARN_EMPTY_BODY = YES;
				CLANG_WARN_ENUM_CONVERSION = YES;
				CLANG_WARN_INFINITE_RECURSION = YES;
				CLANG_WARN_INT_CONVERSION = YES;
				CLANG_WARN_NON_LITERAL_NULL_CONVERSION = YES;
				CLANG_WARN_OBJC_IMPLICIT_RETAIN_SELF = YES;
				CLANG_WARN_OBJC_LITERAL_CONVERSION = YES;
				CLANG_WARN_OBJC_ROOT_CLASS = YES_ERROR;
				CLANG_WARN_QUOTED_INCLUDE_IN_FRAMEWORK_HEADER = YES;
				CLANG_WARN_RANGE_LOOP_ANALYSIS = YES;
				CLANG_WARN_STRICT_PROTOTYPES = YES;
				CLANG_WARN_SUSPICIOUS_MOVE = YES;
				CLANG_WARN_UNGUARDED_AVAILABILITY = YES_AGGRESSIVE;
				CLANG_WARN_UNREACHABLE_CODE = YES;
				CLANG_WARN__DUPLICATE_METHOD_MATCH = YES;
				COPY_PHASE_STRIP = NO;
				DEBUG_INFORMATION_FORMAT = dwarf;
				ENABLE_STRICT_OBJC_MSGSEND = YES;
				ENABLE_TESTABILITY = YES;
				GCC_C_LANGUAGE_STANDARD = gnu11;
				GCC_DYNAMIC_NO_PIC = NO;
				GCC_NO_COMMON_BLOCKS = YES;
				GCC_OPTIMIZATION_LEVEL = 0;
				GCC_PREPROCESSOR_DEFINITIONS = (
					"DEBUG=1",
					"$(inherited)",
				);
				GCC_WARN_64_TO_32_BIT_CONVERSION = YES;
				GCC_WARN_ABOUT_RETURN_TYPE = YES_ERROR;
				GCC_WARN_UNDECLARED_SELECTOR = YES;
				GCC_WARN_UNINITIALIZED_AUTOS = YES_AGGRESSIVE;
				GCC_WARN_UNUSED_FUNCTION = YES;
				GCC_WARN_UNUSED_VARIABLE = YES;
				IPHONEOS_DEPLOYMENT_TARGET = 15.5;
				MTL_ENABLE_DEBUG_INFO = INCLUDE_SOURCE;
				MTL_FAST_MATH = YES;
				ONLY_ACTIVE_ARCH = YES;
				SDKROOT = iphoneos;
				SWIFT_ACTIVE_COMPILATION_CONDITIONS = DEBUG;
				SWIFT_OPTIMIZATION_LEVEL = "-Onone";
			};
			name = Debug;
		};
		534DA9A628AFD68600626AA4 /* Release */ = {
			isa = XCBuildConfiguration;
			buildSettings = {
				ALWAYS_SEARCH_USER_PATHS = NO;
				CLANG_ANALYZER_NONNULL = YES;
				CLANG_ANALYZER_NUMBER_OBJECT_CONVERSION = YES_AGGRESSIVE;
				CLANG_CXX_LANGUAGE_STANDARD = "gnu++17";
				CLANG_ENABLE_MODULES = YES;
				CLANG_ENABLE_OBJC_ARC = YES;
				CLANG_ENABLE_OBJC_WEAK = YES;
				CLANG_WARN_BLOCK_CAPTURE_AUTORELEASING = YES;
				CLANG_WARN_BOOL_CONVERSION = YES;
				CLANG_WARN_COMMA = YES;
				CLANG_WARN_CONSTANT_CONVERSION = YES;
				CLANG_WARN_DEPRECATED_OBJC_IMPLEMENTATIONS = YES;
				CLANG_WARN_DIRECT_OBJC_ISA_USAGE = YES_ERROR;
				CLANG_WARN_DOCUMENTATION_COMMENTS = YES;
				CLANG_WARN_EMPTY_BODY = YES;
				CLANG_WARN_ENUM_CONVERSION = YES;
				CLANG_WARN_INFINITE_RECURSION = YES;
				CLANG_WARN_INT_CONVERSION = YES;
				CLANG_WARN_NON_LITERAL_NULL_CONVERSION = YES;
				CLANG_WARN_OBJC_IMPLICIT_RETAIN_SELF = YES;
				CLANG_WARN_OBJC_LITERAL_CONVERSION = YES;
				CLANG_WARN_OBJC_ROOT_CLASS = YES_ERROR;
				CLANG_WARN_QUOTED_INCLUDE_IN_FRAMEWORK_HEADER = YES;
				CLANG_WARN_RANGE_LOOP_ANALYSIS = YES;
				CLANG_WARN_STRICT_PROTOTYPES = YES;
				CLANG_WARN_SUSPICIOUS_MOVE = YES;
				CLANG_WARN_UNGUARDED_AVAILABILITY = YES_AGGRESSIVE;
				CLANG_WARN_UNREACHABLE_CODE = YES;
				CLANG_WARN__DUPLICATE_METHOD_MATCH = YES;
				COPY_PHASE_STRIP = NO;
				DEBUG_INFORMATION_FORMAT = "dwarf-with-dsym";
				ENABLE_NS_ASSERTIONS = NO;
				ENABLE_STRICT_OBJC_MSGSEND = YES;
				GCC_C_LANGUAGE_STANDARD = gnu11;
				GCC_NO_COMMON_BLOCKS = YES;
				GCC_WARN_64_TO_32_BIT_CONVERSION = YES;
				GCC_WARN_ABOUT_RETURN_TYPE = YES_ERROR;
				GCC_WARN_UNDECLARED_SELECTOR = YES;
				GCC_WARN_UNINITIALIZED_AUTOS = YES_AGGRESSIVE;
				GCC_WARN_UNUSED_FUNCTION = YES;
				GCC_WARN_UNUSED_VARIABLE = YES;
				IPHONEOS_DEPLOYMENT_TARGET = 15.5;
				MTL_ENABLE_DEBUG_INFO = NO;
				MTL_FAST_MATH = YES;
				SDKROOT = iphoneos;
				SWIFT_COMPILATION_MODE = wholemodule;
				SWIFT_OPTIMIZATION_LEVEL = "-O";
				VALIDATE_PRODUCT = YES;
			};
			name = Release;
		};
		534DA9A828AFD68600626AA4 /* Debug */ = {
			isa = XCBuildConfiguration;
			baseConfigurationReference = A88C508323B269DAC12903FB /* Pods-KKOApp.debug.xcconfig */;
			buildSettings = {
				ASSETCATALOG_COMPILER_APPICON_NAME = AppIcon;
				ASSETCATALOG_COMPILER_GLOBAL_ACCENT_COLOR_NAME = AccentColor;
				CODE_SIGN_STYLE = Automatic;
				CURRENT_PROJECT_VERSION = 1;
				DEVELOPMENT_TEAM = W7V846WLMV;
				GENERATE_INFOPLIST_FILE = YES;
				INFOPLIST_FILE = KKOApp/Info.plist;
				INFOPLIST_KEY_UIApplicationSupportsIndirectInputEvents = YES;
				INFOPLIST_KEY_UILaunchStoryboardName = LaunchScreen;
				INFOPLIST_KEY_UIMainStoryboardFile = Main;
				INFOPLIST_KEY_UISupportedInterfaceOrientations_iPad = "UIInterfaceOrientationPortrait UIInterfaceOrientationPortraitUpsideDown UIInterfaceOrientationLandscapeLeft UIInterfaceOrientationLandscapeRight";
				INFOPLIST_KEY_UISupportedInterfaceOrientations_iPhone = "UIInterfaceOrientationPortrait UIInterfaceOrientationLandscapeLeft UIInterfaceOrientationLandscapeRight";
				IPHONEOS_DEPLOYMENT_TARGET = 15.2;
				LD_RUNPATH_SEARCH_PATHS = (
					"$(inherited)",
					"@executable_path/Frameworks",
				);
				MARKETING_VERSION = 1.0;
				PRODUCT_BUNDLE_IDENTIFIER = com.n.gribok.KKOApp;
				PRODUCT_NAME = "$(TARGET_NAME)";
				SWIFT_EMIT_LOC_STRINGS = YES;
				SWIFT_VERSION = 5.0;
				TARGETED_DEVICE_FAMILY = "1,2";
			};
			name = Debug;
		};
		534DA9A928AFD68600626AA4 /* Release */ = {
			isa = XCBuildConfiguration;
			baseConfigurationReference = A445D65BBCB058EACA51C3C7 /* Pods-KKOApp.release.xcconfig */;
			buildSettings = {
				ASSETCATALOG_COMPILER_APPICON_NAME = AppIcon;
				ASSETCATALOG_COMPILER_GLOBAL_ACCENT_COLOR_NAME = AccentColor;
				CODE_SIGN_STYLE = Automatic;
				CURRENT_PROJECT_VERSION = 1;
				DEVELOPMENT_TEAM = W7V846WLMV;
				GENERATE_INFOPLIST_FILE = YES;
				INFOPLIST_FILE = KKOApp/Info.plist;
				INFOPLIST_KEY_UIApplicationSupportsIndirectInputEvents = YES;
				INFOPLIST_KEY_UILaunchStoryboardName = LaunchScreen;
				INFOPLIST_KEY_UIMainStoryboardFile = Main;
				INFOPLIST_KEY_UISupportedInterfaceOrientations_iPad = "UIInterfaceOrientationPortrait UIInterfaceOrientationPortraitUpsideDown UIInterfaceOrientationLandscapeLeft UIInterfaceOrientationLandscapeRight";
				INFOPLIST_KEY_UISupportedInterfaceOrientations_iPhone = "UIInterfaceOrientationPortrait UIInterfaceOrientationLandscapeLeft UIInterfaceOrientationLandscapeRight";
				IPHONEOS_DEPLOYMENT_TARGET = 15.2;
				LD_RUNPATH_SEARCH_PATHS = (
					"$(inherited)",
					"@executable_path/Frameworks",
				);
				MARKETING_VERSION = 1.0;
				PRODUCT_BUNDLE_IDENTIFIER = com.n.gribok.KKOApp;
				PRODUCT_NAME = "$(TARGET_NAME)";
				SWIFT_EMIT_LOC_STRINGS = YES;
				SWIFT_VERSION = 5.0;
				TARGETED_DEVICE_FAMILY = "1,2";
			};
			name = Release;
		};
/* End XCBuildConfiguration section */

/* Begin XCConfigurationList section */
		534DA98E28AFD68400626AA4 /* Build configuration list for PBXProject "KKOApp" */ = {
			isa = XCConfigurationList;
			buildConfigurations = (
				534DA9A528AFD68600626AA4 /* Debug */,
				534DA9A628AFD68600626AA4 /* Release */,
			);
			defaultConfigurationIsVisible = 0;
			defaultConfigurationName = Release;
		};
		534DA9A728AFD68600626AA4 /* Build configuration list for PBXNativeTarget "KKOApp" */ = {
			isa = XCConfigurationList;
			buildConfigurations = (
				534DA9A828AFD68600626AA4 /* Debug */,
				534DA9A928AFD68600626AA4 /* Release */,
			);
			defaultConfigurationIsVisible = 0;
			defaultConfigurationName = Release;
		};
/* End XCConfigurationList section */
	};
	rootObject = 534DA98B28AFD68400626AA4 /* Project object */;
}
